
Microsoft Visual Studio Solution File, Format Version 12.00
# Visual Studio 2012
Project("{2857B73E-F847-4B02-9238-064979017E93}") = "CodeBreaker", "CodeBreaker\CodeBreaker.cproj", "{FAD5722D-8CEE-48D3-962E-727671FCDCF0}"
EndProject
Global
	GlobalSection(SolutionConfigurationPlatforms) = preSolution
		Debug|Any CPU = Debug|Any CPU
		Release|Any CPU = Release|Any CPU
	EndGlobalSection
	GlobalSection(ProjectConfigurationPlatforms) = postSolution
		{FAD5722D-8CEE-48D3-962E-727671FCDCF0}.Debug|Any CPU.ActiveCfg = Debug|Any CPU
		{FAD5722D-8CEE-48D3-962E-727671FCDCF0}.Debug|Any CPU.Build.0 = Debug|Any CPU
		{FAD5722D-8CEE-48D3-962E-727671FCDCF0}.Release|Any CPU.ActiveCfg = Release|Any CPU
		{FAD5722D-8CEE-48D3-962E-727671FCDCF0}.Release|Any CPU.Build.0 = Release|Any CPU
	EndGlobalSection
EndGlobal
